
Microsoft Visual Studio Solution File, Format Version 12.00
# Visual Studio 15
VisualStudioVersion = 15.0.26124.0
MinimumVisualStudioVersion = 15.0.26124.0
Project("{9A19103F-16F7-4668-BE54-9A1E7A4F7556}") = "R5T.Bath.File.Chamavia.Construction", "R5T.Bath.File.Chamavia.Construction\R5T.Bath.File.Chamavia.Construction.csproj", "{930B29B2-7EAD-4DB1-B8B5-68E0E9F268E3}"
EndProject
Project("{9A19103F-16F7-4668-BE54-9A1E7A4F7556}") = "R5T.Bath.File.Chamavia", "R5T.Bath.File.Chamavia\R5T.Bath.File.Chamavia.csproj", "{10D4335D-F025-4E25-B54D-7312C77374DA}"
EndProject
Project("{9A19103F-16F7-4668-BE54-9A1E7A4F7556}") = "R5T.Bath.File.Chamavia.Testing", "R5T.Bath.File.Chamavia.Testing\R5T.Bath.File.Chamavia.Testing.csproj", "{426A5DE5-D4FE-44CE-854B-86EB2B8E2E1E}"
EndProject
Project("{2150E333-8FDC-42A3-9474-1A3956D46DE8}") = "_Dependencies", "_Dependencies", "{B50749FC-9BFB-4D62-B710-7182FDA91409}"
EndProject
Project("{9A19103F-16F7-4668-BE54-9A1E7A4F7556}") = "R5T.Bath.File.Default", "..\..\R5T.Bath.File.Default\source\R5T.Bath.File.Default\R5T.Bath.File.Default.csproj", "{8E7715AA-1A26-4081-B560-DD249E2B1987}"
EndProject
Project("{9A19103F-16F7-4668-BE54-9A1E7A4F7556}") = "R5T.Chamavia", "..\..\R5T.Chamavia\source\R5T.Chamavia\R5T.Chamavia.csproj", "{CAC9A12A-3407-457D-8628-EA9C00E7B733}"
EndProject
Project("{9A19103F-16F7-4668-BE54-9A1E7A4F7556}") = "R5T.Bath.File", "..\..\R5T.Bath.File\source\R5T.Bath.File\R5T.Bath.File.csproj", "{F95A0F42-0763-415F-8636-131D54D46794}"
EndProject
Project("{9A19103F-16F7-4668-BE54-9A1E7A4F7556}") = "R5T.Bath.Default", "..\..\R5T.Bath.Default\source\R5T.Bath.Default\R5T.Bath.Default.csproj", "{0E9EE41A-67F3-4638-B1AE-BFED3B7EF180}"
EndProject
Project("{9A19103F-16F7-4668-BE54-9A1E7A4F7556}") = "R5T.Bath.Base", "..\..\R5T.Bath.Base\source\R5T.Bath.Base\R5T.Bath.Base.csproj", "{0EA89CFB-B68A-4340-982B-CCEAA89BA6B4}"
EndProject
Project("{9A19103F-16F7-4668-BE54-9A1E7A4F7556}") = "R5T.Lombardy.Base", "..\..\R5T.Lombardy.Base\source\R5T.Lombardy.Base\R5T.Lombardy.Base.csproj", "{79A9CE02-F559-4C6B-A172-873566C79782}"
EndProject
Project("{FAE04EC0-301F-11D3-BF4B-00C04F79EFBC}") = "R5T.T0064", "..\..\R5T.T0064\source\R5T.T0064\R5T.T0064.csproj", "{9FF675B3-5FFD-446D-8B8C-0E52825C4784}"
EndProject
Project("{9A19103F-16F7-4668-BE54-9A1E7A4F7556}") = "R5T.Dacia.Extensions", "..\..\R5T.Dacia.Extensions\source\R5T.Dacia.Extensions\R5T.Dacia.Extensions.csproj", "{2419FC31-FA50-4087-84BC-B2E731275373}"
EndProject
Project("{9A19103F-16F7-4668-BE54-9A1E7A4F7556}") = "R5T.Dacia", "..\..\R5T.Dacia\source\R5T.Dacia\R5T.Dacia.csproj", "{AB878BD6-E613-4100-812F-BF25BD09261F}"
EndProject
Project("{9A19103F-16F7-4668-BE54-9A1E7A4F7556}") = "R5T.Magyar", "..\..\R5T.Magyar\source\R5T.Magyar\R5T.Magyar.csproj", "{4AEBA242-E428-4D18-B31A-60D6EC326869}"
EndProject
Global
	GlobalSection(SolutionConfigurationPlatforms) = preSolution
		Debug|Any CPU = Debug|Any CPU
		Debug|x64 = Debug|x64
		Debug|x86 = Debug|x86
		Release|Any CPU = Release|Any CPU
		Release|x64 = Release|x64
		Release|x86 = Release|x86
	EndGlobalSection
	GlobalSection(ProjectConfigurationPlatforms) = postSolution
		{930B29B2-7EAD-4DB1-B8B5-68E0E9F268E3}.Debug|Any CPU.ActiveCfg = Debug|Any CPU
		{930B29B2-7EAD-4DB1-B8B5-68E0E9F268E3}.Debug|Any CPU.Build.0 = Debug|Any CPU
		{930B29B2-7EAD-4DB1-B8B5-68E0E9F268E3}.Debug|x64.ActiveCfg = Debug|Any CPU
		{930B29B2-7EAD-4DB1-B8B5-68E0E9F268E3}.Debug|x64.Build.0 = Debug|Any CPU
		{930B29B2-7EAD-4DB1-B8B5-68E0E9F268E3}.Debug|x86.ActiveCfg = Debug|Any CPU
		{930B29B2-7EAD-4DB1-B8B5-68E0E9F268E3}.Debug|x86.Build.0 = Debug|Any CPU
		{930B29B2-7EAD-4DB1-B8B5-68E0E9F268E3}.Release|Any CPU.ActiveCfg = Release|Any CPU
		{930B29B2-7EAD-4DB1-B8B5-68E0E9F268E3}.Release|Any CPU.Build.0 = Release|Any CPU
		{930B29B2-7EAD-4DB1-B8B5-68E0E9F268E3}.Release|x64.ActiveCfg = Release|Any CPU
		{930B29B2-7EAD-4DB1-B8B5-68E0E9F268E3}.Release|x64.Build.0 = Release|Any CPU
		{930B29B2-7EAD-4DB1-B8B5-68E0E9F268E3}.Release|x86.ActiveCfg = Release|Any CPU
		{930B29B2-7EAD-4DB1-B8B5-68E0E9F268E3}.Release|x86.Build.0 = Release|Any CPU
		{10D4335D-F025-4E25-B54D-7312C77374DA}.Debug|Any CPU.ActiveCfg = Debug|Any CPU
		{10D4335D-F025-4E25-B54D-7312C77374DA}.Debug|Any CPU.Build.0 = Debug|Any CPU
		{10D4335D-F025-4E25-B54D-7312C77374DA}.Debug|x64.ActiveCfg = Debug|Any CPU
		{10D4335D-F025-4E25-B54D-7312C77374DA}.Debug|x64.Build.0 = Debug|Any CPU
		{10D4335D-F025-4E25-B54D-7312C77374DA}.Debug|x86.ActiveCfg = Debug|Any CPU
		{10D4335D-F025-4E25-B54D-7312C77374DA}.Debug|x86.Build.0 = Debug|Any CPU
		{10D4335D-F025-4E25-B54D-7312C77374DA}.Release|Any CPU.ActiveCfg = Release|Any CPU
		{10D4335D-F025-4E25-B54D-7312C77374DA}.Release|Any CPU.Build.0 = Release|Any CPU
		{10D4335D-F025-4E25-B54D-7312C77374DA}.Release|x64.ActiveCfg = Release|Any CPU
		{10D4335D-F025-4E25-B54D-7312C77374DA}.Release|x64.Build.0 = Release|Any CPU
		{10D4335D-F025-4E25-B54D-7312C77374DA}.Release|x86.ActiveCfg = Release|Any CPU
		{10D4335D-F025-4E25-B54D-7312C77374DA}.Release|x86.Build.0 = Release|Any CPU
		{426A5DE5-D4FE-44CE-854B-86EB2B8E2E1E}.Debug|Any CPU.ActiveCfg = Debug|Any CPU
		{426A5DE5-D4FE-44CE-854B-86EB2B8E2E1E}.Debug|Any CPU.Build.0 = Debug|Any CPU
		{426A5DE5-D4FE-44CE-854B-86EB2B8E2E1E}.Debug|x64.ActiveCfg = Debug|Any CPU
		{426A5DE5-D4FE-44CE-854B-86EB2B8E2E1E}.Debug|x64.Build.0 = Debug|Any CPU
		{426A5DE5-D4FE-44CE-854B-86EB2B8E2E1E}.Debug|x86.ActiveCfg = Debug|Any CPU
		{426A5DE5-D4FE-44CE-854B-86EB2B8E2E1E}.Debug|x86.Build.0 = Debug|Any CPU
		{426A5DE5-D4FE-44CE-854B-86EB2B8E2E1E}.Release|Any CPU.ActiveCfg = Release|Any CPU
		{426A5DE5-D4FE-44CE-854B-86EB2B8E2E1E}.Release|Any CPU.Build.0 = Release|Any CPU
		{426A5DE5-D4FE-44CE-854B-86EB2B8E2E1E}.Release|x64.ActiveCfg = Release|Any CPU
		{426A5DE5-D4FE-44CE-854B-86EB2B8E2E1E}.Release|x64.Build.0 = Release|Any CPU
		{426A5DE5-D4FE-44CE-854B-86EB2B8E2E1E}.Release|x86.ActiveCfg = Release|Any CPU
		{426A5DE5-D4FE-44CE-854B-86EB2B8E2E1E}.Release|x86.Build.0 = Release|Any CPU
		{8E7715AA-1A26-4081-B560-DD249E2B1987}.Debug|Any CPU.ActiveCfg = Debug|Any CPU
		{8E7715AA-1A26-4081-B560-DD249E2B1987}.Debug|Any CPU.Build.0 = Debug|Any CPU
		{8E7715AA-1A26-4081-B560-DD249E2B1987}.Debug|x64.ActiveCfg = Debug|Any CPU
		{8E7715AA-1A26-4081-B560-DD249E2B1987}.Debug|x64.Build.0 = Debug|Any CPU
		{8E7715AA-1A26-4081-B560-DD249E2B1987}.Debug|x86.ActiveCfg = Debug|Any CPU
		{8E7715AA-1A26-4081-B560-DD249E2B1987}.Debug|x86.Build.0 = Debug|Any CPU
		{8E7715AA-1A26-4081-B560-DD249E2B1987}.Release|Any CPU.ActiveCfg = Release|Any CPU
		{8E7715AA-1A26-4081-B560-DD249E2B1987}.Release|Any CPU.Build.0 = Release|Any CPU
		{8E7715AA-1A26-4081-B560-DD249E2B1987}.Release|x64.ActiveCfg = Release|Any CPU
		{8E7715AA-1A26-4081-B560-DD249E2B1987}.Release|x64.Build.0 = Release|Any CPU
		{8E7715AA-1A26-4081-B560-DD249E2B1987}.Release|x86.ActiveCfg = Release|Any CPU
		{8E7715AA-1A26-4081-B560-DD249E2B1987}.Release|x86.Build.0 = Release|Any CPU
		{CAC9A12A-3407-457D-8628-EA9C00E7B733}.Debug|Any CPU.ActiveCfg = Debug|Any CPU
		{CAC9A12A-3407-457D-8628-EA9C00E7B733}.Debug|Any CPU.Build.0 = Debug|Any CPU
		{CAC9A12A-3407-457D-8628-EA9C00E7B733}.Debug|x64.ActiveCfg = Debug|Any CPU
		{CAC9A12A-3407-457D-8628-EA9C00E7B733}.Debug|x64.Build.0 = Debug|Any CPU
		{CAC9A12A-3407-457D-8628-EA9C00E7B733}.Debug|x86.ActiveCfg = Debug|Any CPU
		{CAC9A12A-3407-457D-8628-EA9C00E7B733}.Debug|x86.Build.0 = Debug|Any CPU
		{CAC9A12A-3407-457D-8628-EA9C00E7B733}.Release|Any CPU.ActiveCfg = Release|Any CPU
		{CAC9A12A-3407-457D-8628-EA9C00E7B733}.Release|Any CPU.Build.0 = Release|Any CPU
		{CAC9A12A-3407-457D-8628-EA9C00E7B733}.Release|x64.ActiveCfg = Release|Any CPU
		{CAC9A12A-3407-457D-8628-EA9C00E7B733}.Release|x64.Build.0 = Release|Any CPU
		{CAC9A12A-3407-457D-8628-EA9C00E7B733}.Release|x86.ActiveCfg = Release|Any CPU
		{CAC9A12A-3407-457D-8628-EA9C00E7B733}.Release|x86.Build.0 = Release|Any CPU
		{F95A0F42-0763-415F-8636-131D54D46794}.Debug|Any CPU.ActiveCfg = Debug|Any CPU
		{F95A0F42-0763-415F-8636-131D54D46794}.Debug|Any CPU.Build.0 = Debug|Any CPU
		{F95A0F42-0763-415F-8636-131D54D46794}.Debug|x64.ActiveCfg = Debug|Any CPU
		{F95A0F42-0763-415F-8636-131D54D46794}.Debug|x64.Build.0 = Debug|Any CPU
		{F95A0F42-0763-415F-8636-131D54D46794}.Debug|x86.ActiveCfg = Debug|Any CPU
		{F95A0F42-0763-415F-8636-131D54D46794}.Debug|x86.Build.0 = Debug|Any CPU
		{F95A0F42-0763-415F-8636-131D54D46794}.Release|Any CPU.ActiveCfg = Release|Any CPU
		{F95A0F42-0763-415F-8636-131D54D46794}.Release|Any CPU.Build.0 = Release|Any CPU
		{F95A0F42-0763-415F-8636-131D54D46794}.Release|x64.ActiveCfg = Release|Any CPU
		{F95A0F42-0763-415F-8636-131D54D46794}.Release|x64.Build.0 = Release|Any CPU
		{F95A0F42-0763-415F-8636-131D54D46794}.Release|x86.ActiveCfg = Release|Any CPU
		{F95A0F42-0763-415F-8636-131D54D46794}.Release|x86.Build.0 = Release|Any CPU
		{0E9EE41A-67F3-4638-B1AE-BFED3B7EF180}.Debug|Any CPU.ActiveCfg = Debug|Any CPU
		{0E9EE41A-67F3-4638-B1AE-BFED3B7EF180}.Debug|Any CPU.Build.0 = Debug|Any CPU
		{0E9EE41A-67F3-4638-B1AE-BFED3B7EF180}.Debug|x64.ActiveCfg = Debug|Any CPU
		{0E9EE41A-67F3-4638-B1AE-BFED3B7EF180}.Debug|x64.Build.0 = Debug|Any CPU
		{0E9EE41A-67F3-4638-B1AE-BFED3B7EF180}.Debug|x86.ActiveCfg = Debug|Any CPU
		{0E9EE41A-67F3-4638-B1AE-BFED3B7EF180}.Debug|x86.Build.0 = Debug|Any CPU
		{0E9EE41A-67F3-4638-B1AE-BFED3B7EF180}.Release|Any CPU.ActiveCfg = Release|Any CPU
		{0E9EE41A-67F3-4638-B1AE-BFED3B7EF180}.Release|Any CPU.Build.0 = Release|Any CPU
		{0E9EE41A-67F3-4638-B1AE-BFED3B7EF180}.Release|x64.ActiveCfg = Release|Any CPU
		{0E9EE41A-67F3-4638-B1AE-BFED3B7EF180}.Release|x64.Build.0 = Release|Any CPU
		{0E9EE41A-67F3-4638-B1AE-BFED3B7EF180}.Release|x86.ActiveCfg = Release|Any CPU
		{0E9EE41A-67F3-4638-B1AE-BFED3B7EF180}.Release|x86.Build.0 = Release|Any CPU
		{0EA89CFB-B68A-4340-982B-CCEAA89BA6B4}.Debug|Any CPU.ActiveCfg = Debug|Any CPU
		{0EA89CFB-B68A-4340-982B-CCEAA89BA6B4}.Debug|Any CPU.Build.0 = Debug|Any CPU
		{0EA89CFB-B68A-4340-982B-CCEAA89BA6B4}.Debug|x64.ActiveCfg = Debug|Any CPU
		{0EA89CFB-B68A-4340-982B-CCEAA89BA6B4}.Debug|x64.Build.0 = Debug|Any CPU
		{0EA89CFB-B68A-4340-982B-CCEAA89BA6B4}.Debug|x86.ActiveCfg = Debug|Any CPU
		{0EA89CFB-B68A-4340-982B-CCEAA89BA6B4}.Debug|x86.Build.0 = Debug|Any CPU
		{0EA89CFB-B68A-4340-982B-CCEAA89BA6B4}.Release|Any CPU.ActiveCfg = Release|Any CPU
		{0EA89CFB-B68A-4340-982B-CCEAA89BA6B4}.Release|Any CPU.Build.0 = Release|Any CPU
		{0EA89CFB-B68A-4340-982B-CCEAA89BA6B4}.Release|x64.ActiveCfg = Release|Any CPU
		{0EA89CFB-B68A-4340-982B-CCEAA89BA6B4}.Release|x64.Build.0 = Release|Any CPU
		{0EA89CFB-B68A-4340-982B-CCEAA89BA6B4}.Release|x86.ActiveCfg = Release|Any CPU
		{0EA89CFB-B68A-4340-982B-CCEAA89BA6B4}.Release|x86.Build.0 = Release|Any CPU
		{79A9CE02-F559-4C6B-A172-873566C79782}.Debug|Any CPU.ActiveCfg = Debug|Any CPU
		{79A9CE02-F559-4C6B-A172-873566C79782}.Debug|Any CPU.Build.0 = Debug|Any CPU
		{79A9CE02-F559-4C6B-A172-873566C79782}.Debug|x64.ActiveCfg = Debug|Any CPU
		{79A9CE02-F559-4C6B-A172-873566C79782}.Debug|x64.Build.0 = Debug|Any CPU
		{79A9CE02-F559-4C6B-A172-873566C79782}.Debug|x86.ActiveCfg = Debug|Any CPU
		{79A9CE02-F559-4C6B-A172-873566C79782}.Debug|x86.Build.0 = Debug|Any CPU
		{79A9CE02-F559-4C6B-A172-873566C79782}.Release|Any CPU.ActiveCfg = Release|Any CPU
		{79A9CE02-F559-4C6B-A172-873566C79782}.Release|Any CPU.Build.0 = Release|Any CPU
		{79A9CE02-F559-4C6B-A172-873566C79782}.Release|x64.ActiveCfg = Release|Any CPU
		{79A9CE02-F559-4C6B-A172-873566C79782}.Release|x64.Build.0 = Release|Any CPU
		{79A9CE02-F559-4C6B-A172-873566C79782}.Release|x86.ActiveCfg = Release|Any CPU
		{79A9CE02-F559-4C6B-A172-873566C79782}.Release|x86.Build.0 = Release|Any CPU
		{9FF675B3-5FFD-446D-8B8C-0E52825C4784}.Debug|Any CPU.ActiveCfg = Debug|Any CPU
		{9FF675B3-5FFD-446D-8B8C-0E52825C4784}.Debug|Any CPU.Build.0 = Debug|Any CPU
		{9FF675B3-5FFD-446D-8B8C-0E52825C4784}.Debug|x64.ActiveCfg = Debug|Any CPU
		{9FF675B3-5FFD-446D-8B8C-0E52825C4784}.Debug|x64.Build.0 = Debug|Any CPU
		{9FF675B3-5FFD-446D-8B8C-0E52825C4784}.Debug|x86.ActiveCfg = Debug|Any CPU
		{9FF675B3-5FFD-446D-8B8C-0E52825C4784}.Debug|x86.Build.0 = Debug|Any CPU
		{9FF675B3-5FFD-446D-8B8C-0E52825C4784}.Release|Any CPU.ActiveCfg = Release|Any CPU
		{9FF675B3-5FFD-446D-8B8C-0E52825C4784}.Release|Any CPU.Build.0 = Release|Any CPU
		{9FF675B3-5FFD-446D-8B8C-0E52825C4784}.Release|x64.ActiveCfg = Release|Any CPU
		{9FF675B3-5FFD-446D-8B8C-0E52825C4784}.Release|x64.Build.0 = Release|Any CPU
		{9FF675B3-5FFD-446D-8B8C-0E52825C4784}.Release|x86.ActiveCfg = Release|Any CPU
		{9FF675B3-5FFD-446D-8B8C-0E52825C4784}.Release|x86.Build.0 = Release|Any CPU
		{2419FC31-FA50-4087-84BC-B2E731275373}.Debug|Any CPU.ActiveCfg = Debug|Any CPU
		{2419FC31-FA50-4087-84BC-B2E731275373}.Debug|Any CPU.Build.0 = Debug|Any CPU
		{2419FC31-FA50-4087-84BC-B2E731275373}.Debug|x64.ActiveCfg = Debug|Any CPU
		{2419FC31-FA50-4087-84BC-B2E731275373}.Debug|x64.Build.0 = Debug|Any CPU
		{2419FC31-FA50-4087-84BC-B2E731275373}.Debug|x86.ActiveCfg = Debug|Any CPU
		{2419FC31-FA50-4087-84BC-B2E731275373}.Debug|x86.Build.0 = Debug|Any CPU
		{2419FC31-FA50-4087-84BC-B2E731275373}.Release|Any CPU.ActiveCfg = Release|Any CPU
		{2419FC31-FA50-4087-84BC-B2E731275373}.Release|Any CPU.Build.0 = Release|Any CPU
		{2419FC31-FA50-4087-84BC-B2E731275373}.Release|x64.ActiveCfg = Release|Any CPU
		{2419FC31-FA50-4087-84BC-B2E731275373}.Release|x64.Build.0 = Release|Any CPU
		{2419FC31-FA50-4087-84BC-B2E731275373}.Release|x86.ActiveCfg = Release|Any CPU
		{2419FC31-FA50-4087-84BC-B2E731275373}.Release|x86.Build.0 = Release|Any CPU
		{AB878BD6-E613-4100-812F-BF25BD09261F}.Debug|Any CPU.ActiveCfg = Debug|Any CPU
		{AB878BD6-E613-4100-812F-BF25BD09261F}.Debug|Any CPU.Build.0 = Debug|Any CPU
		{AB878BD6-E613-4100-812F-BF25BD09261F}.Debug|x64.ActiveCfg = Debug|Any CPU
		{AB878BD6-E613-4100-812F-BF25BD09261F}.Debug|x64.Build.0 = Debug|Any CPU
		{AB878BD6-E613-4100-812F-BF25BD09261F}.Debug|x86.ActiveCfg = Debug|Any CPU
		{AB878BD6-E613-4100-812F-BF25BD09261F}.Debug|x86.Build.0 = Debug|Any CPU
		{AB878BD6-E613-4100-812F-BF25BD09261F}.Release|Any CPU.ActiveCfg = Release|Any CPU
		{AB878BD6-E613-4100-812F-BF25BD09261F}.Release|Any CPU.Build.0 = Release|Any CPU
		{AB878BD6-E613-4100-812F-BF25BD09261F}.Release|x64.ActiveCfg = Release|Any CPU
		{AB878BD6-E613-4100-812F-BF25BD09261F}.Release|x64.Build.0 = Release|Any CPU
		{AB878BD6-E613-4100-812F-BF25BD09261F}.Release|x86.ActiveCfg = Release|Any CPU
		{AB878BD6-E613-4100-812F-BF25BD09261F}.Release|x86.Build.0 = Release|Any CPU
		{4AEBA242-E428-4D18-B31A-60D6EC326869}.Debug|Any CPU.ActiveCfg = Debug|Any CPU
		{4AEBA242-E428-4D18-B31A-60D6EC326869}.Debug|Any CPU.Build.0 = Debug|Any CPU
		{4AEBA242-E428-4D18-B31A-60D6EC326869}.Debug|x64.ActiveCfg = Debug|Any CPU
		{4AEBA242-E428-4D18-B31A-60D6EC326869}.Debug|x64.Build.0 = Debug|Any CPU
		{4AEBA242-E428-4D18-B31A-60D6EC326869}.Debug|x86.ActiveCfg = Debug|Any CPU
		{4AEBA242-E428-4D18-B31A-60D6EC326869}.Debug|x86.Build.0 = Debug|Any CPU
		{4AEBA242-E428-4D18-B31A-60D6EC326869}.Release|Any CPU.ActiveCfg = Release|Any CPU
		{4AEBA242-E428-4D18-B31A-60D6EC326869}.Release|Any CPU.Build.0 = Release|Any CPU
		{4AEBA242-E428-4D18-B31A-60D6EC326869}.Release|x64.ActiveCfg = Release|Any CPU
		{4AEBA242-E428-4D18-B31A-60D6EC326869}.Release|x64.Build.0 = Release|Any CPU
		{4AEBA242-E428-4D18-B31A-60D6EC326869}.Release|x86.ActiveCfg = Release|Any CPU
		{4AEBA242-E428-4D18-B31A-60D6EC326869}.Release|x86.Build.0 = Release|Any CPU
	EndGlobalSection
	GlobalSection(SolutionProperties) = preSolution
		HideSolutionNode = FALSE
	EndGlobalSection
	GlobalSection(NestedProjects) = preSolution
		{8E7715AA-1A26-4081-B560-DD249E2B1987} = {B50749FC-9BFB-4D62-B710-7182FDA91409}
		{CAC9A12A-3407-457D-8628-EA9C00E7B733} = {B50749FC-9BFB-4D62-B710-7182FDA91409}
		{F95A0F42-0763-415F-8636-131D54D46794} = {B50749FC-9BFB-4D62-B710-7182FDA91409}
		{0E9EE41A-67F3-4638-B1AE-BFED3B7EF180} = {B50749FC-9BFB-4D62-B710-7182FDA91409}
		{0EA89CFB-B68A-4340-982B-CCEAA89BA6B4} = {B50749FC-9BFB-4D62-B710-7182FDA91409}
		{79A9CE02-F559-4C6B-A172-873566C79782} = {B50749FC-9BFB-4D62-B710-7182FDA91409}
		{9FF675B3-5FFD-446D-8B8C-0E52825C4784} = {B50749FC-9BFB-4D62-B710-7182FDA91409}
		{2419FC31-FA50-4087-84BC-B2E731275373} = {B50749FC-9BFB-4D62-B710-7182FDA91409}
		{AB878BD6-E613-4100-812F-BF25BD09261F} = {B50749FC-9BFB-4D62-B710-7182FDA91409}
		{4AEBA242-E428-4D18-B31A-60D6EC326869} = {B50749FC-9BFB-4D62-B710-7182FDA91409}
	EndGlobalSection
	GlobalSection(ExtensibilityGlobals) = postSolution
		SolutionGuid = {EDFA720C-BA3C-4DD1-83D8-298F9539B9A6}
	EndGlobalSection
EndGlobal
